// !$*UTF8*$!
{
	archiveVersion = 1;
	classes = {
	};
	objectVersion = 55;
	objects = {

/* Begin PBXBuildFile section */
		1D8236EB27C9979F00FCC50D /* Music_ConverterApp.swift in Sources */ = {isa = PBXBuildFile; fileRef = 1D8236EA27C9979F00FCC50D /* Music_ConverterApp.swift */; };
		1D8236ED27C9979F00FCC50D /* ContentView.swift in Sources */ = {isa = PBXBuildFile; fileRef = 1D8236EC27C9979F00FCC50D /* ContentView.swift */; };
		1D8236EF27C997A000FCC50D /* Assets.xcassets in Resources */ = {isa = PBXBuildFile; fileRef = 1D8236EE27C997A000FCC50D /* Assets.xcassets */; };
		1D8236F227C997A000FCC50D /* Preview Assets.xcassets in Resources */ = {isa = PBXBuildFile; fileRef = 1D8236F127C997A000FCC50D /* Preview Assets.xcassets */; };
		1D8236FC27C997A000FCC50D /* Music_ConverterTests.swift in Sources */ = {isa = PBXBuildFile; fileRef = 1D8236FB27C997A000FCC50D /* Music_ConverterTests.swift */; };
		1D82370627C997A000FCC50D /* Music_ConverterUITests.swift in Sources */ = {isa = PBXBuildFile; fileRef = 1D82370527C997A000FCC50D /* Music_ConverterUITests.swift */; };
		1D82370827C997A000FCC50D /* Music_ConverterUITestsLaunchTests.swift in Sources */ = {isa = PBXBuildFile; fileRef = 1D82370727C997A000FCC50D /* Music_ConverterUITestsLaunchTests.swift */; };
/* End PBXBuildFile section */

/* Begin PBXContainerItemProxy section */
		1D8236F827C997A000FCC50D /* PBXContainerItemProxy */ = {
			isa = PBXContainerItemProxy;
			containerPortal = 1D8236DF27C9979E00FCC50D /* Project object */;
			proxyType = 1;
			remoteGlobalIDString = 1D8236E627C9979F00FCC50D;
			remoteInfo = "Music Converter";
		};
		1D82370227C997A000FCC50D /* PBXContainerItemProxy */ = {
			isa = PBXContainerItemProxy;
			containerPortal = 1D8236DF27C9979E00FCC50D /* Project object */;
			proxyType = 1;
			remoteGlobalIDString = 1D8236E627C9979F00FCC50D;
			remoteInfo = "Music Converter";
		};
/* End PBXContainerItemProxy section */

/* Begin PBXFileReference section */
		1D8236E727C9979F00FCC50D /* Music Converter.app */ = {isa = PBXFileReference; explicitFileType = wrapper.application; includeInIndex = 0; path = "Music Converter.app"; sourceTree = BUILT_PRODUCTS_DIR; };
		1D8236EA27C9979F00FCC50D /* Music_ConverterApp.swift */ = {isa = PBXFileReference; lastKnownFileType = sourcecode.swift; path = Music_ConverterApp.swift; sourceTree = "<group>"; };
		1D8236EC27C9979F00FCC50D /* ContentView.swift */ = {isa = PBXFileReference; lastKnownFileType = sourcecode.swift; path = ContentView.swift; sourceTree = "<group>"; };
		1D8236EE27C997A000FCC50D /* Assets.xcassets */ = {isa = PBXFileReference; lastKnownFileType = folder.assetcatalog; path = Assets.xcassets; sourceTree = "<group>"; };
		1D8236F127C997A000FCC50D /* Preview Assets.xcassets */ = {isa = PBXFileReference; lastKnownFileType = folder.assetcatalog; path = "Preview Assets.xcassets"; sourceTree = "<group>"; };
		1D8236F727C997A000FCC50D /* Music ConverterTests.xctest */ = {isa = PBXFileReference; explicitFileType = wrapper.cfbundle; includeInIndex = 0; path = "Music ConverterTests.xctest"; sourceTree = BUILT_PRODUCTS_DIR; };
		1D8236FB27C997A000FCC50D /* Music_ConverterTests.swift */ = {isa = PBXFileReference; lastKnownFileType = sourcecode.swift; path = Music_ConverterTests.swift; sourceTree = "<group>"; };
		1D82370127C997A000FCC50D /* Music ConverterUITests.xctest */ = {isa = PBXFileReference; explicitFileType = wrapper.cfbundle; includeInIndex = 0; path = "Music ConverterUITests.xctest"; sourceTree = BUILT_PRODUCTS_DIR; };
		1D82370527C997A000FCC50D /* Music_ConverterUITests.swift */ = {isa = PBXFileReference; lastKnownFileType = sourcecode.swift; path = Music_ConverterUITests.swift; sourceTree = "<group>"; };
		1D82370727C997A000FCC50D /* Music_ConverterUITestsLaunchTests.swift */ = {isa = PBXFileReference; lastKnownFileType = sourcecode.swift; path = Music_ConverterUITestsLaunchTests.swift; sourceTree = "<group>"; };
/* End PBXFileReference section */

/* Begin PBXFrameworksBuildPhase section */
		1D8236E427C9979F00FCC50D /* Frameworks */ = {
			isa = PBXFrameworksBuildPhase;
			buildActionMask = 2147483647;
			files = (
			);
			runOnlyForDeploymentPostprocessing = 0;
		};
		1D8236F427C997A000FCC50D /* Frameworks */ = {
			isa = PBXFrameworksBuildPhase;
			buildActionMask = 2147483647;
			files = (
			);
			runOnlyForDeploymentPostprocessing = 0;
		};
		1D8236FE27C997A000FCC50D /* Frameworks */ = {
			isa = PBXFrameworksBuildPhase;
			buildActionMask = 2147483647;
			files = (
			);
			runOnlyForDeploymentPostprocessing = 0;
		};
/* End PBXFrameworksBuildPhase section */

/* Begin PBXGroup section */
		1D8236DE27C9979E00FCC50D = {
			isa = PBXGroup;
			children = (
				1D8236E927C9979F00FCC50D /* Music Converter */,
				1D8236FA27C997A000FCC50D /* Music ConverterTests */,
				1D82370427C997A000FCC50D /* Music ConverterUITests */,
				1D8236E827C9979F00FCC50D /* Products */,
			);
			sourceTree = "<group>";
		};
		1D8236E827C9979F00FCC50D /* Products */ = {
			isa = PBXGroup;
			children = (
				1D8236E727C9979F00FCC50D /* Music Converter.app */,
				1D8236F727C997A000FCC50D /* Music ConverterTests.xctest */,
				1D82370127C997A000FCC50D /* Music ConverterUITests.xctest */,
			);
			name = Products;
			sourceTree = "<group>";
		};
		1D8236E927C9979F00FCC50D /* Music Converter */ = {
			isa = PBXGroup;
			children = (
				1D8236EA27C9979F00FCC50D /* Music_ConverterApp.swift */,
				1D8236EC27C9979F00FCC50D /* ContentView.swift */,
				1D8236EE27C997A000FCC50D /* Assets.xcassets */,
				1D8236F027C997A000FCC50D /* Preview Content */,
			);
			path = "Music Converter";
			sourceTree = "<group>";
		};
		1D8236F027C997A000FCC50D /* Preview Content */ = {
			isa = PBXGroup;
			children = (
				1D8236F127C997A000FCC50D /* Preview Assets.xcassets */,
			);
			path = "Preview Content";
			sourceTree = "<group>";
		};
		1D8236FA27C997A000FCC50D /* Music ConverterTests */ = {
			isa = PBXGroup;
			children = (
				1D8236FB27C997A000FCC50D /* Music_ConverterTests.swift */,
			);
			path = "Music ConverterTests";
			sourceTree = "<group>";
		};
		1D82370427C997A000FCC50D /* Music ConverterUITests */ = {
			isa = PBXGroup;
			children = (
				1D82370527C997A000FCC50D /* Music_ConverterUITests.swift */,
				1D82370727C997A000FCC50D /* Music_ConverterUITestsLaunchTests.swift */,
			);
			path = "Music ConverterUITests";
			sourceTree = "<group>";
		};
/* End PBXGroup section */

/* Begin PBXNativeTarget section */
		1D8236E627C9979F00FCC50D /* Music Converter */ = {
			isa = PBXNativeTarget;
			buildConfigurationList = 1D82370B27C997A000FCC50D /* Build configuration list for PBXNativeTarget "Music Converter" */;
			buildPhases = (
				1D8236E327C9979F00FCC50D /* Sources */,
				1D8236E427C9979F00FCC50D /* Frameworks */,
				1D8236E527C9979F00FCC50D /* Resources */,
			);
			buildRules = (
			);
			dependencies = (
			);
			name = "Music Converter";
			productName = "Music Converter";
			productReference = 1D8236E727C9979F00FCC50D /* Music Converter.app */;
			productType = "com.apple.product-type.application";
		};
		1D8236F627C997A000FCC50D /* Music ConverterTests */ = {
			isa = PBXNativeTarget;
			buildConfigurationList = 1D82370E27C997A000FCC50D /* Build configuration list for PBXNativeTarget "Music ConverterTests" */;
			buildPhases = (
				1D8236F327C997A000FCC50D /* Sources */,
				1D8236F427C997A000FCC50D /* Frameworks */,
				1D8236F527C997A000FCC50D /* Resources */,
			);
			buildRules = (
			);
			dependencies = (
				1D8236F927C997A000FCC50D /* PBXTargetDependency */,
			);
			name = "Music ConverterTests";
			productName = "Music ConverterTests";
			productReference = 1D8236F727C997A000FCC50D /* Music ConverterTests.xctest */;
			productType = "com.apple.product-type.bundle.unit-test";
		};
		1D82370027C997A000FCC50D /* Music ConverterUITests */ = {
			isa = PBXNativeTarget;
			buildConfigurationList = 1D82371127C997A000FCC50D /* Build configuration list for PBXNativeTarget "Music ConverterUITests" */;
			buildPhases = (
				1D8236FD27C997A000FCC50D /* Sources */,
				1D8236FE27C997A000FCC50D /* Frameworks */,
				1D8236FF27C997A000FCC50D /* Resources */,
			);
			buildRules = (
			);
			dependencies = (
				1D82370327C997A000FCC50D /* PBXTargetDependency */,
			);
			name = "Music ConverterUITests";
			productName = "Music ConverterUITests";
			productReference = 1D82370127C997A000FCC50D /* Music ConverterUITests.xctest */;
			productType = "com.apple.product-type.bundle.ui-testing";
		};
/* End PBXNativeTarget section */

/* Begin PBXProject section */
		1D8236DF27C9979E00FCC50D /* Project object */ = {
			isa = PBXProject;
			attributes = {
				BuildIndependentTargetsInParallel = 1;
				LastSwiftUpdateCheck = 1320;
				LastUpgradeCheck = 1320;
				TargetAttributes = {
					1D8236E627C9979F00FCC50D = {
						CreatedOnToolsVersion = 13.2.1;
					};
					1D8236F627C997A000FCC50D = {
						CreatedOnToolsVersion = 13.2.1;
						TestTargetID = 1D8236E627C9979F00FCC50D;
					};
					1D82370027C997A000FCC50D = {
						CreatedOnToolsVersion = 13.2.1;
						TestTargetID = 1D8236E627C9979F00FCC50D;
					};
				};
			};
			buildConfigurationList = 1D8236E227C9979E00FCC50D /* Build configuration list for PBXProject "Music Converter" */;
			compatibilityVersion = "Xcode 13.0";
			developmentRegion = en;
			hasScannedForEncodings = 0;
			knownRegions = (
				en,
				Base,
			);
			mainGroup = 1D8236DE27C9979E00FCC50D;
			productRefGroup = 1D8236E827C9979F00FCC50D /* Products */;
			projectDirPath = "";
			projectRoot = "";
			targets = (
				1D8236E627C9979F00FCC50D /* Music Converter */,
				1D8236F627C997A000FCC50D /* Music ConverterTests */,
				1D82370027C997A000FCC50D /* Music ConverterUITests */,
			);
		};
/* End PBXProject section */

/* Begin PBXResourcesBuildPhase section */
		1D8236E527C9979F00FCC50D /* Resources */ = {
			isa = PBXResourcesBuildPhase;
			buildActionMask = 2147483647;
			files = (
				1D8236F227C997A000FCC50D /* Preview Assets.xcassets in Resources */,
				1D8236EF27C997A000FCC50D /* Assets.xcassets in Resources */,
			);
			runOnlyForDeploymentPostprocessing = 0;
		};
		1D8236F527C997A000FCC50D /* Resources */ = {
			isa = PBXResourcesBuildPhase;
			buildActionMask = 2147483647;
			files = (
			);
			runOnlyForDeploymentPostprocessing = 0;
		};
		1D8236FF27C997A000FCC50D /* Resources */ = {
			isa = PBXResourcesBuildPhase;
			buildActionMask = 2147483647;
			files = (
			);
			runOnlyForDeploymentPostprocessing = 0;
		};
/* End PBXResourcesBuildPhase section */

/* Begin PBXSourcesBuildPhase section */
		1D8236E327C9979F00FCC50D /* Sources */ = {
			isa = PBXSourcesBuildPhase;
			buildActionMask = 2147483647;
			files = (
				1D8236ED27C9979F00FCC50D /* ContentView.swift in Sources */,
				1D8236EB27C9979F00FCC50D /* Music_ConverterApp.swift in Sources */,
			);
			runOnlyForDeploymentPostprocessing = 0;
		};
		1D8236F327C997A000FCC50D /* Sources */ = {
			isa = PBXSourcesBuildPhase;
			buildActionMask = 2147483647;
			files = (
				1D8236FC27C997A000FCC50D /* Music_ConverterTests.swift in Sources */,
			);
			runOnlyForDeploymentPostprocessing = 0;
		};
		1D8236FD27C997A000FCC50D /* Sources */ = {
			isa = PBXSourcesBuildPhase;
			buildActionMask = 2147483647;
			files = (
				1D82370627C997A000FCC50D /* Music_ConverterUITests.swift in Sources */,
				1D82370827C997A000FCC50D /* Music_ConverterUITestsLaunchTests.swift in Sources */,
			);
			runOnlyForDeploymentPostprocessing = 0;
		};
/* End PBXSourcesBuildPhase section */

/* Begin PBXTargetDependency section */
		1D8236F927C997A000FCC50D /* PBXTargetDependency */ = {
			isa = PBXTargetDependency;
			target = 1D8236E627C9979F00FCC50D /* Music Converter */;
			targetProxy = 1D8236F827C997A000FCC50D /* PBXContainerItemProxy */;
		};
		1D82370327C997A000FCC50D /* PBXTargetDependency */ = {
			isa = PBXTargetDependency;
			target = 1D8236E627C9979F00FCC50D /* Music Converter */;
			targetProxy = 1D82370227C997A000FCC50D /* PBXContainerItemProxy */;
		};
/* End PBXTargetDependency section */

/* Begin XCBuildConfiguration section */
		1D82370927C997A000FCC50D /* Debug */ = {
			isa = XCBuildConfiguration;
			buildSettings = {
				ALWAYS_SEARCH_USER_PATHS = NO;
				CLANG_ANALYZER_NONNULL = YES;
				CLANG_ANALYZER_NUMBER_OBJECT_CONVERSION = YES_AGGRESSIVE;
				CLANG_CXX_LANGUAGE_STANDARD = "gnu++17";
				CLANG_CXX_LIBRARY = "libc++";
				CLANG_ENABLE_MODULES = YES;
				CLANG_ENABLE_OBJC_ARC = YES;
				CLANG_ENABLE_OBJC_WEAK = YES;
				CLANG_WARN_BLOCK_CAPTURE_AUTORELEASING = YES;
				CLANG_WARN_BOOL_CONVERSION = YES;
				CLANG_WARN_COMMA = YES;
				CLANG_WARN_CONSTANT_CONVERSION = YES;
				CLANG_WARN_DEPRECATED_OBJC_IMPLEMENTATIONS = YES;
				CLANG_WARN_DIRECT_OBJC_ISA_USAGE = YES_ERROR;
				CLANG_WARN_DOCUMENTATION_COMMENTS = YES;
				CLANG_WARN_EMPTY_BODY = YES;
				CLANG_WARN_ENUM_CONVERSION = YES;
				CLANG_WARN_INFINITE_RECURSION = YES;
				CLANG_WARN_INT_CONVERSION = YES;
				CLANG_WARN_NON_LITERAL_NULL_CONVERSION = YES;
				CLANG_WARN_OBJC_IMPLICIT_RETAIN_SELF = YES;
				CLANG_WARN_OBJC_LITERAL_CONVERSION = YES;
				CLANG_WARN_OBJC_ROOT_CLASS = YES_ERROR;
				CLANG_WARN_QUOTED_INCLUDE_IN_FRAMEWORK_HEADER = YES;
				CLANG_WARN_RANGE_LOOP_ANALYSIS = YES;
				CLANG_WARN_STRICT_PROTOTYPES = YES;
				CLANG_WARN_SUSPICIOUS_MOVE = YES;
				CLANG_WARN_UNGUARDED_AVAILABILITY = YES_AGGRESSIVE;
				CLANG_WARN_UNREACHABLE_CODE = YES;
				CLANG_WARN__DUPLICATE_METHOD_MATCH = YES;
				COPY_PHASE_STRIP = NO;
				DEBUG_INFORMATION_FORMAT = dwarf;
				ENABLE_STRICT_OBJC_MSGSEND = YES;
				ENABLE_TESTABILITY = YES;
				GCC_C_LANGUAGE_STANDARD = gnu11;
				GCC_DYNAMIC_NO_PIC = NO;
				GCC_NO_COMMON_BLOCKS = YES;
				GCC_OPTIMIZATION_LEVEL = 0;
				GCC_PREPROCESSOR_DEFINITIONS = (
					"DEBUG=1",
					"$(inherited)",
				);
				GCC_WARN_64_TO_32_BIT_CONVERSION = YES;
				GCC_WARN_ABOUT_RETURN_TYPE = YES_ERROR;
				GCC_WARN_UNDECLARED_SELECTOR = YES;
				GCC_WARN_UNINITIALIZED_AUTOS = YES_AGGRESSIVE;
				GCC_WARN_UNUSED_FUNCTION = YES;
				GCC_WARN_UNUSED_VARIABLE = YES;
				IPHONEOS_DEPLOYMENT_TARGET = 15.2;
				MTL_ENABLE_DEBUG_INFO = INCLUDE_SOURCE;
				MTL_FAST_MATH = YES;
				ONLY_ACTIVE_ARCH = YES;
				SDKROOT = iphoneos;
				SWIFT_ACTIVE_COMPILATION_CONDITIONS = DEBUG;
				SWIFT_OPTIMIZATION_LEVEL = "-Onone";
			};
			name = Debug;
		};
		1D82370A27C997A000FCC50D /* Release */ = {
			isa = XCBuildConfiguration;
			buildSettings = {
				ALWAYS_SEARCH_USER_PATHS = NO;
				CLANG_ANALYZER_NONNULL = YES;
				CLANG_ANALYZER_NUMBER_OBJECT_CONVERSION = YES_AGGRESSIVE;
				CLANG_CXX_LANGUAGE_STANDARD = "gnu++17";
				CLANG_CXX_LIBRARY = "libc++";
				CLANG_ENABLE_MODULES = YES;
				CLANG_ENABLE_OBJC_ARC = YES;
				CLANG_ENABLE_OBJC_WEAK = YES;
				CLANG_WARN_BLOCK_CAPTURE_AUTORELEASING = YES;
				CLANG_WARN_BOOL_CONVERSION = YES;
				CLANG_WARN_COMMA = YES;
				CLANG_WARN_CONSTANT_CONVERSION = YES;
				CLANG_WARN_DEPRECATED_OBJC_IMPLEMENTATIONS = YES;
				CLANG_WARN_DIRECT_OBJC_ISA_USAGE = YES_ERROR;
				CLANG_WARN_DOCUMENTATION_COMMENTS = YES;
				CLANG_WARN_EMPTY_BODY = YES;
				CLANG_WARN_ENUM_CONVERSION = YES;
				CLANG_WARN_INFINITE_RECURSION = YES;
				CLANG_WARN_INT_CONVERSION = YES;
				CLANG_WARN_NON_LITERAL_NULL_CONVERSION = YES;
				CLANG_WARN_OBJC_IMPLICIT_RETAIN_SELF = YES;
				CLANG_WARN_OBJC_LITERAL_CONVERSION = YES;
				CLANG_WARN_OBJC_ROOT_CLASS = YES_ERROR;
				CLANG_WARN_QUOTED_INCLUDE_IN_FRAMEWORK_HEADER = YES;
				CLANG_WARN_RANGE_LOOP_ANALYSIS = YES;
				CLANG_WARN_STRICT_PROTOTYPES = YES;
				CLANG_WARN_SUSPICIOUS_MOVE = YES;
				CLANG_WARN_UNGUARDED_AVAILABILITY = YES_AGGRESSIVE;
				CLANG_WARN_UNREACHABLE_CODE = YES;
				CLANG_WARN__DUPLICATE_METHOD_MATCH = YES;
				COPY_PHASE_STRIP = NO;
				DEBUG_INFORMATION_FORMAT = "dwarf-with-dsym";
				ENABLE_NS_ASSERTIONS = NO;
				ENABLE_STRICT_OBJC_MSGSEND = YES;
				GCC_C_LANGUAGE_STANDARD = gnu11;
				GCC_NO_COMMON_BLOCKS = YES;
				GCC_WARN_64_TO_32_BIT_CONVERSION = YES;
				GCC_WARN_ABOUT_RETURN_TYPE = YES_ERROR;
				GCC_WARN_UNDECLARED_SELECTOR = YES;
				GCC_WARN_UNINITIALIZED_AUTOS = YES_AGGRESSIVE;
				GCC_WARN_UNUSED_FUNCTION = YES;
				GCC_WARN_UNUSED_VARIABLE = YES;
				IPHONEOS_DEPLOYMENT_TARGET = 15.2;
				MTL_ENABLE_DEBUG_INFO = NO;
				MTL_FAST_MATH = YES;
				SDKROOT = iphoneos;
				SWIFT_COMPILATION_MODE = wholemodule;
				SWIFT_OPTIMIZATION_LEVEL = "-O";
				VALIDATE_PRODUCT = YES;
			};
			name = Release;
		};
		1D82370C27C997A000FCC50D /* Debug */ = {
			isa = XCBuildConfiguration;
			buildSettings = {
				ASSETCATALOG_COMPILER_APPICON_NAME = AppIcon;
				ASSETCATALOG_COMPILER_GLOBAL_ACCENT_COLOR_NAME = AccentColor;
				CODE_SIGN_STYLE = Automatic;
				CURRENT_PROJECT_VERSION = 1;
				DEVELOPMENT_ASSET_PATHS = "\"Music Converter/Preview Content\"";
				DEVELOPMENT_TEAM = V2686JM7D9;
				ENABLE_PREVIEWS = YES;
				GENERATE_INFOPLIST_FILE = YES;
				INFOPLIST_KEY_UIApplicationSceneManifest_Generation = YES;
				INFOPLIST_KEY_UIApplicationSupportsIndirectInputEvents = YES;
				INFOPLIST_KEY_UILaunchScreen_Generation = YES;
				INFOPLIST_KEY_UISupportedInterfaceOrientations_iPad = "UIInterfaceOrientationPortrait UIInterfaceOrientationPortraitUpsideDown UIInterfaceOrientationLandscapeLeft UIInterfaceOrientationLandscapeRight";
				INFOPLIST_KEY_UISupportedInterfaceOrientations_iPhone = "UIInterfaceOrientationPortrait UIInterfaceOrientationLandscapeLeft UIInterfaceOrientationLandscapeRight";
				LD_RUNPATH_SEARCH_PATHS = (
					"$(inherited)",
					"@executable_path/Frameworks",
				);
				MARKETING_VERSION = 1.0;
				PRODUCT_BUNDLE_IDENTIFIER = "br.com.mfelipesp.Music-Converter";
				PRODUCT_NAME = "$(TARGET_NAME)";
				SWIFT_EMIT_LOC_STRINGS = YES;
				SWIFT_VERSION = 5.0;
				TARGETED_DEVICE_FAMILY = "1,2";
			};
			name = Debug;
		};
		1D82370D27C997A000FCC50D /* Release */ = {
			isa = XCBuildConfiguration;
			buildSettings = {
				ASSETCATALOG_COMPILER_APPICON_NAME = AppIcon;
				ASSETCATALOG_COMPILER_GLOBAL_ACCENT_COLOR_NAME = AccentColor;
				CODE_SIGN_STYLE = Automatic;
				CURRENT_PROJECT_VERSION = 1;
				DEVELOPMENT_ASSET_PATHS = "\"Music Converter/Preview Content\"";
				DEVELOPMENT_TEAM = V2686JM7D9;
				ENABLE_PREVIEWS = YES;
				GENERATE_INFOPLIST_FILE = YES;
				INFOPLIST_KEY_UIApplicationSceneManifest_Generation = YES;
				INFOPLIST_KEY_UIApplicationSupportsIndirectInputEvents = YES;
				INFOPLIST_KEY_UILaunchScreen_Generation = YES;
				INFOPLIST_KEY_UISupportedInterfaceOrientations_iPad = "UIInterfaceOrientationPortrait UIInterfaceOrientationPortraitUpsideDown UIInterfaceOrientationLandscapeLeft UIInterfaceOrientationLandscapeRight";
				INFOPLIST_KEY_UISupportedInterfaceOrientations_iPhone = "UIInterfaceOrientationPortrait UIInterfaceOrientationLandscapeLeft UIInterfaceOrientationLandscapeRight";
				LD_RUNPATH_SEARCH_PATHS = (
					"$(inherited)",
					"@executable_path/Frameworks",
				);
				MARKETING_VERSION = 1.0;
				PRODUCT_BUNDLE_IDENTIFIER = "br.com.mfelipesp.Music-Converter";
				PRODUCT_NAME = "$(TARGET_NAME)";
				SWIFT_EMIT_LOC_STRINGS = YES;
				SWIFT_VERSION = 5.0;
				TARGETED_DEVICE_FAMILY = "1,2";
			};
			name = Release;
		};
		1D82370F27C997A000FCC50D /* Debug */ = {
			isa = XCBuildConfiguration;
			buildSettings = {
				ALWAYS_EMBED_SWIFT_STANDARD_LIBRARIES = YES;
				BUNDLE_LOADER = "$(TEST_HOST)";
				CODE_SIGN_STYLE = Automatic;
				CURRENT_PROJECT_VERSION = 1;
				DEVELOPMENT_TEAM = V2686JM7D9;
				GENERATE_INFOPLIST_FILE = YES;
				IPHONEOS_DEPLOYMENT_TARGET = 15.2;
				MARKETING_VERSION = 1.0;
				PRODUCT_BUNDLE_IDENTIFIER = "br.com.mfelipesp.Music-ConverterTests";
				PRODUCT_NAME = "$(TARGET_NAME)";
				SWIFT_EMIT_LOC_STRINGS = NO;
				SWIFT_VERSION = 5.0;
				TARGETED_DEVICE_FAMILY = "1,2";
				TEST_HOST = "$(BUILT_PRODUCTS_DIR)/Music Converter.app/Music Converter";
			};
			name = Debug;
		};
		1D82371027C997A000FCC50D /* Release */ = {
			isa = XCBuildConfiguration;
			buildSettings = {
				ALWAYS_EMBED_SWIFT_STANDARD_LIBRARIES = YES;
				BUNDLE_LOADER = "$(TEST_HOST)";
				CODE_SIGN_STYLE = Automatic;
				CURRENT_PROJECT_VERSION = 1;
				DEVELOPMENT_TEAM = V2686JM7D9;
				GENERATE_INFOPLIST_FILE = YES;
				IPHONEOS_DEPLOYMENT_TARGET = 15.2;
				MARKETING_VERSION = 1.0;
				PRODUCT_BUNDLE_IDENTIFIER = "br.com.mfelipesp.Music-ConverterTests";
				PRODUCT_NAME = "$(TARGET_NAME)";
				SWIFT_EMIT_LOC_STRINGS = NO;
				SWIFT_VERSION = 5.0;
				TARGETED_DEVICE_FAMILY = "1,2";
				TEST_HOST = "$(BUILT_PRODUCTS_DIR)/Music Converter.app/Music Converter";
			};
			name = Release;
		};
		1D82371227C997A000FCC50D /* Debug */ = {
			isa = XCBuildConfiguration;
			buildSettings = {
				ALWAYS_EMBED_SWIFT_STANDARD_LIBRARIES = YES;
				CODE_SIGN_STYLE = Automatic;
				CURRENT_PROJECT_VERSION = 1;
				DEVELOPMENT_TEAM = V2686JM7D9;
				GENERATE_INFOPLIST_FILE = YES;
				MARKETING_VERSION = 1.0;
				PRODUCT_BUNDLE_IDENTIFIER = "br.com.mfelipesp.Music-ConverterUITests";
				PRODUCT_NAME = "$(TARGET_NAME)";
				SWIFT_EMIT_LOC_STRINGS = NO;
				SWIFT_VERSION = 5.0;
				TARGETED_DEVICE_FAMILY = "1,2";
				TEST_TARGET_NAME = "Music Converter";
			};
			name = Debug;
		};
		1D82371327C997A000FCC50D /* Release */ = {
			isa = XCBuildConfiguration;
			buildSettings = {
				ALWAYS_EMBED_SWIFT_STANDARD_LIBRARIES = YES;
				CODE_SIGN_STYLE = Automatic;
				CURRENT_PROJECT_VERSION = 1;
				DEVELOPMENT_TEAM = V2686JM7D9;
				GENERATE_INFOPLIST_FILE = YES;
				MARKETING_VERSION = 1.0;
				PRODUCT_BUNDLE_IDENTIFIER = "br.com.mfelipesp.Music-ConverterUITests";
				PRODUCT_NAME = "$(TARGET_NAME)";
				SWIFT_EMIT_LOC_STRINGS = NO;
				SWIFT_VERSION = 5.0;
				TARGETED_DEVICE_FAMILY = "1,2";
				TEST_TARGET_NAME = "Music Converter";
			};
			name = Release;
		};
/* End XCBuildConfiguration section */

/* Begin XCConfigurationList section */
		1D8236E227C9979E00FCC50D /* Build configuration list for PBXProject "Music Converter" */ = {
			isa = XCConfigurationList;
			buildConfigurations = (
				1D82370927C997A000FCC50D /* Debug */,
				1D82370A27C997A000FCC50D /* Release */,
			);
			defaultConfigurationIsVisible = 0;
			defaultConfigurationName = Release;
		};
		1D82370B27C997A000FCC50D /* Build configuration list for PBXNativeTarget "Music Converter" */ = {
			isa = XCConfigurationList;
			buildConfigurations = (
				1D82370C27C997A000FCC50D /* Debug */,
				1D82370D27C997A000FCC50D /* Release */,
			);
			defaultConfigurationIsVisible = 0;
			defaultConfigurationName = Release;
		};
		1D82370E27C997A000FCC50D /* Build configuration list for PBXNativeTarget "Music ConverterTests" */ = {
			isa = XCConfigurationList;
			buildConfigurations = (
				1D82370F27C997A000FCC50D /* Debug */,
				1D82371027C997A000FCC50D /* Release */,
			);
			defaultConfigurationIsVisible = 0;
			defaultConfigurationName = Release;
		};
		1D82371127C997A000FCC50D /* Build configuration list for PBXNativeTarget "Music ConverterUITests" */ = {
			isa = XCConfigurationList;
			buildConfigurations = (
				1D82371227C997A000FCC50D /* Debug */,
				1D82371327C997A000FCC50D /* Release */,
			);
			defaultConfigurationIsVisible = 0;
			defaultConfigurationName = Release;
		};
/* End XCConfigurationList section */
	};
	rootObject = 1D8236DF27C9979E00FCC50D /* Project object */;
}
